{
  "name": "fixture-app",
  "lockfileVersion": 3,
  "requires": true,
  "packages": {
    "": {
      "name": "fixture-app",
      "version": "1.0.0",
      "dependencies": {
        "prod-direct": "^1.0.0",
        "dual-license-prod": "^1.0.0"
      },
      "devDependencies": {
        "dev-direct": "^1.0.0"
      }
    },
    "node_modules/prod-direct": {
      "version": "1.0.0",
      "license": "MIT"
    },
    "node_modules/prod-direct-darwin-arm64": {
      "version": "1.0.0",
      "license": "MIT",
      "optional": true
    },
    "node_modules/dual-license-prod": {
      "version": "1.0.0",
      "license": "MIT OR GPL-3.0"
    },
    "node_modules/trans-prod": {
      "version": "2.0.0",
      "license": "ISC"
    },
    "node_modules/dev-direct": {
      "version": "1.0.0",
      "dev": true,
      "license": "Apache-2.0"
    },
    "node_modules/trans-dev": {
      "version": "3.0.0",
      "dev": true,
      "license": "BSD-3-Clause"
    },
    "node_modules/unknown-prod": {
      "version": "9.9.9",
      "license": "UNLICENSED"
    }
  }
}
